{
  "lockfileVersion": 1,
  "configVersion": 0,
  "workspaces": {
    "": {
      "name": "grammex",
      "devDependencies": {
        "benchloop": "^2.1.1",
        "fava": "^0.3.4",
        "tsex": "^4.0.2",
        "typescript": "^5.7.3",
      },
    },
  },
  "packages": {
    "ansi-purge": ["ansi-purge@1.1.0", "", {}, "sha512-sa1KWMANfZurQkYemaVNNJh8gRF0iUJvcVNxvjPlYM9pPPTB0v+VKH/mFRz4s6gXA8plimQXorJSqJgutxUs8g=="],

    "are-deeply-equal": ["are-deeply-equal@1.1.2", "", {}, "sha512-GatAcPLQ6zU6kE44J2K8pRY8sQUzUqmJRvzRfeZbzV3zBI69SpPzx6/oN1Jb8EUxamKfx+fyDOdipxkgkrcCBw=="],

    "atomically": ["atomically@2.1.1", "", { "dependencies": { "stubborn-fs": "^2.0.0", "when-exit": "^2.1.4" } }, "sha512-P4w9o2dqARji6P7MHprklbfiArZAWvo07yW7qs3pdljb3BWr12FIB7W+p0zJiuiVsUpRO0iZn1kFFcpPegg0tQ=="],

    "benchloop": ["benchloop@2.1.1", "", { "dependencies": { "tiny-colors": "^2.0.2" } }, "sha512-YiI1SNKVzP0CvPEQczNWW/nMeMdGFR0PFp/LHPcGve4zJsCTiITFP/t/f5a48W/pLAvXPW9q3qeUs8nquuhwdQ=="],

    "call-chainer": ["call-chainer@3.0.1", "", {}, "sha512-Fw9y5AM+nG+7s8I0VDpkVHtkASPNW/Sg3Z4ORqJ/PzhQMnflZ1qd9VN7TfWrcaT41FCcOwzHaz8NoNseAs+iJQ=="],

    "dettle": ["dettle@1.0.5", "", {}, "sha512-ZVyjhAJ7sCe1PNXEGveObOH9AC8QvMga3HJIghHawtG7mE4K5pW9nz/vDGAr/U7a3LWgdOzEE7ac9MURnyfaTA=="],

    "fast-string-truncated-width": ["fast-string-truncated-width@3.0.3", "", {}, "sha512-0jjjIEL6+0jag3l2XWWizO64/aZVtpiGE3t0Zgqxv0DPuxiMjvB3M24fCyhZUO4KomJQPj3LTSUnDP3GpdwC0g=="],

    "fast-string-width": ["fast-string-width@3.0.2", "", { "dependencies": { "fast-string-truncated-width": "^3.0.2" } }, "sha512-gX8LrtNEI5hq8DVUfRQMbr5lpaS4nMIWV+7XEbXk2b8kiQIizgnlr12B4dA3ZEx3308ze0O4Q1R+cHts8kyUJg=="],

    "fava": ["fava@0.3.5", "", { "dependencies": { "are-deeply-equal": "^1.0.2", "call-chainer": "^3.0.0", "promise-make-naked": "^2.0.0", "promise-resolve-timeout": "^2.0.0", "specialist": "^1.3.0", "tiny-colors": "^2.1.2", "tiny-readdir": "^2.2.0", "watcher": "^2.3.0", "zeptomatch": "^1.1.3" }, "bin": "dist/bin.js" }, "sha512-6LAb6YZB1NbI+GlkrA5WPkqfHstNLy6AUJ/s+HEZaNRCN+JfKuUakkaH2oANY+YWnzOd6ISQUC/OBinP3wZP7A=="],

    "find-up-json": ["find-up-json@2.0.5", "", { "dependencies": { "find-up-path": "^1.0.1" } }, "sha512-1zZZUfD1GOOEEd1AqwbRmCkCCv1O9t0vOpCYgmzfJqKty8WKaKlDyxWej8Aew+vI5lvDiTviaQuaVuu6GzlHzQ=="],

    "find-up-path": ["find-up-path@1.0.1", "", {}, "sha512-cl4Sfxufq9WK848L887b4r+NVZoBjMeB4QydPZ+pXbp6Jt2nUVspTo2svNOm48stIIeSxtuCsULa9+e+LMTzwA=="],

    "function-once": ["function-once@3.0.1", "", {}, "sha512-bE3E8REk4jANDot3l0sLFkXgywBwzFKsmbwdnVHLJUnt/3kV6dNG0oJJqoRBuS1Z9Lr4ZoQgwV0ZNLDgWDbv7Q=="],

    "get-current-package": ["get-current-package@1.0.1", "", { "dependencies": { "find-up-json": "^2.0.5" } }, "sha512-c/Rw5ByDQ+zg+Lh/emBWv0bDpugEFdmXPR6/srIemVtIvol0XbT0JAr8Db0cX+Jj/xY9wj1wdjeq2qNB35Tayg=="],

    "grammex": ["grammex@3.1.13", "", {}, "sha512-LnPnhOBLEJEVKS8WFDVaA397L9Kq55Q9oSITJiVLHVdhAclfUkWzQv74KhvZHKL2Q09Pb1XdsrOsZ4LfTFFTEg=="],

    "ionstore": ["ionstore@1.0.1", "", {}, "sha512-g+99vyka3EiNFJCnbq3NxegjV211RzGtkDUMbZGB01Con8ZqUmMx/FpWMeqgDXOqgM7QoVeDhe+CfYCWznaDVA=="],

    "promise-make-counter": ["promise-make-counter@1.0.2", "", { "dependencies": { "promise-make-naked": "^3.0.2" } }, "sha512-FJAxTBWQuQoAs4ZOYuKX1FHXxEgKLEzBxUvwr4RoOglkTpOjWuM+RXsK3M9q5lMa8kjqctUrhwYeZFT4ygsnag=="],

    "promise-make-naked": ["promise-make-naked@2.1.2", "", {}, "sha512-y7s8ZuHIG56JYspB24be9GFkXA1zXL85Ur9u1DKrW/tvyUoPxWgBjnalK6Nc6l7wHBcAW0c3PO07+XOsWTRuhg=="],

    "promise-resolve-timeout": ["promise-resolve-timeout@2.0.1", "", {}, "sha512-90Qzzu5SmR+ksmTPsc79121NZGtEiPvKACQLCl6yofknRx5xJI9kNj3oDVSX6dVTneF8Ju6+xpVFdDSzb7cNcg=="],

    "specialist": ["specialist@1.4.5", "", { "dependencies": { "tiny-bin": "^1.10.3", "tiny-colors": "^2.2.2", "tiny-parse-argv": "^2.8.1", "tiny-updater": "^3.5.3" } }, "sha512-4mPQEREzBUW2hzlXX/dWFbQdUWzpkqvMFVpUAdRlo1lUlhKMObDHiAo09oZ94x4cS3uWMJebPOTn+GaQYLfv3Q=="],

    "stubborn-fs": ["stubborn-fs@1.2.5", "", {}, "sha512-H2N9c26eXjzL/S/K+i/RHHcFanE74dptvvjM8iwzwbVcWY/zjBbgRqF3K0DY4+OD+uTTASTBvDoxPDaPN02D7g=="],

    "stubborn-utils": ["stubborn-utils@1.0.2", "", {}, "sha512-zOh9jPYI+xrNOyisSelgym4tolKTJCQd5GBhK0+0xJvcYDcwlOoxF/rnFKQ2KRZknXSG9jWAp66fwP6AxN9STg=="],

    "tiny-bin": ["tiny-bin@1.11.3", "", { "dependencies": { "ansi-purge": "^1.0.1", "fast-string-width": "^3.0.1", "get-current-package": "^1.0.1", "tiny-colors": "^2.2.2", "tiny-levenshtein": "^1.1.0", "tiny-parse-argv": "^2.8.2", "tiny-updater": "^3.5.3" } }, "sha512-CrBbiKsvJN4bHSDA0cPau4t5KWdGUUAcTXQ8bB14XNqNY+68UZF4Zo7WRVdHLq0j0GYZjIRbNDg+zJbJXDEXeg=="],

    "tiny-colors": ["tiny-colors@2.2.2", "", {}, "sha512-Elmv7JL+dX0c78caKEelH1nHHBskHzJkaqBRgVvQuxsvVA/Z9Fa2R3ZZtfmkkajcd18e96RLMwJvtFqC8jsZWA=="],

    "tiny-levenshtein": ["tiny-levenshtein@1.1.0", "", {}, "sha512-sU4wduNrjb2e51rgPOTy6nx3ag8pQPFA9XQCQQsFmECWEDS23LEoYsZv3fhVuJNIcxzBNMvCDDb7e/PPOP+vxw=="],

    "tiny-parse-argv": ["tiny-parse-argv@2.8.2", "", {}, "sha512-RnIDHQ+r9zMuslQWVoRxfKVOumteeheQqbwNYJyQxzM2vzx/vdN5xAeL64F3rQOpfbVdxFkhM4zPDyfq7SxsBQ=="],

    "tiny-readdir": ["tiny-readdir@2.7.4", "", { "dependencies": { "promise-make-counter": "^1.0.2" } }, "sha512-721U+zsYwDirjr8IM6jqpesD/McpZooeFi3Zc6mcjy1pse2C+v19eHPFRqz4chGXZFw7C3KITDjAtHETc2wj7Q=="],

    "tiny-updater": ["tiny-updater@3.7.0", "", { "dependencies": { "function-once": "^3.0.1", "ionstore": "^1.0.1", "tiny-colors": "^2.2.2", "when-exit": "^2.1.5" } }, "sha512-d1qNP+YObARMlu2FS3XiJmLTj7JGIWrpKB7Vj1WmPmdAUHDI6yXRE1AmI671bTZKsnC3lCrMSnAu5zG1A5gGag=="],

    "tsex": ["tsex@4.0.2", "", { "dependencies": { "atomically": "^2.0.3", "dettle": "^1.0.2", "specialist": "^1.4.0", "tiny-readdir": "^2.7.2", "watcher": "^2.3.1" }, "bin": "dist/bin.js" }, "sha512-vp/uRp3qKS8NJuZfk2yCzpiLsxKCd0cW5FrS0JrCSrw0FSe/bNXgH1eVMHagTaWqWGjj6zpMQld37mWNW0l2qQ=="],

    "typescript": ["typescript@5.9.3", "", { "bin": { "tsc": "bin/tsc", "tsserver": "bin/tsserver" } }, "sha512-jl1vZzPDinLr9eUt3J/t7V6FgNEw9QjvBPdysz9KfQDD41fQrC2Y4vKQdiaUpFT4bXlb1RHhLpp8wtm6M5TgSw=="],

    "watcher": ["watcher@2.3.1", "", { "dependencies": { "dettle": "^1.0.2", "stubborn-fs": "^1.2.5", "tiny-readdir": "^2.7.2" } }, "sha512-d3yl+ey35h05r5EFP0TafE2jsmQUJ9cc2aernRVyAkZiu0J3+3TbNugNcqdUJDoWOfL2p+bNsN427stsBC/HnA=="],

    "when-exit": ["when-exit@2.1.5", "", {}, "sha512-VGkKJ564kzt6Ms1dbgPP/yuIoQCrsFAnRbptpC5wOEsDaNsbCB2bnfnaA8i/vRs5tjUSEOtIuvl9/MyVsvQZCg=="],

    "zeptomatch": ["zeptomatch@1.2.2", "", { "dependencies": { "grammex": "^3.1.1" } }, "sha512-0ETdzEO0hdYmT8aXHHf5aMjpX+FHFE61sG4qKFAoJD2Umt3TWdCmH7ADxn2oUiWTlqBGC+SGr8sYMfr+37J8pQ=="],

    "atomically/stubborn-fs": ["stubborn-fs@2.0.0", "", { "dependencies": { "stubborn-utils": "^1.0.1" } }, "sha512-Y0AvSwDw8y+nlSNFXMm2g6L51rBGdAQT20J3YSOqxC53Lo3bjWRtr2BKcfYoAf352WYpsZSTURrA0tqhfgudPA=="],

    "promise-make-counter/promise-make-naked": ["promise-make-naked@3.0.2", "", {}, "sha512-B+b+kQ1YrYS7zO7P7bQcoqqMUizP06BOyNSBEnB5VJKDSWo8fsVuDkfSmwdjF0JsRtaNh83so5MMFJ95soH5jg=="],
  }
}
